
Microsoft Visual Studio Solution File, Format Version 12.00
# Visual Studio Version 17
VisualStudioVersion = 17.9.34701.34
MinimumVisualStudioVersion = 10.0.40219.1
Project("{FAE04EC0-301F-11D3-BF4B-00C04F79EFBC}") = "ClockMaster", "ClockMaster\ClockMaster.csproj", "{3F55920E-3DFC-4FFF-AEA2-D951009320E7}"
EndProject
Global
	GlobalSection(SolutionConfigurationPlatforms) = preSolution
		Debug|Any CPU = Debug|Any CPU
		Release|Any CPU = Release|Any CPU
	EndGlobalSection
	GlobalSection(ProjectConfigurationPlatforms) = postSolution
		{3F55920E-3DFC-4FFF-AEA2-D951009320E7}.Debug|Any CPU.ActiveCfg = Debug|Any CPU
		{3F55920E-3DFC-4FFF-AEA2-D951009320E7}.Debug|Any CPU.Build.0 = Debug|Any CPU
		{3F55920E-3DFC-4FFF-AEA2-D951009320E7}.Release|Any CPU.ActiveCfg = Release|Any CPU
		{3F55920E-3DFC-4FFF-AEA2-D951009320E7}.Release|Any CPU.Build.0 = Release|Any CPU
	EndGlobalSection
	GlobalSection(SolutionProperties) = preSolution
		HideSolutionNode = FALSE
	EndGlobalSection
	GlobalSection(ExtensibilityGlobals) = postSolution
		SolutionGuid = {66018D07-6483-46E8-BF44-BD3419767750}
	EndGlobalSection
EndGlobal
